// !$*UTF8*$!
{
	archiveVersion = 1;
	classes = {
	};
	objectVersion = 46;
	objects = {

/* Begin PBXBuildFile section */
		EA3CC36B1B6481C900551D3F /* AppDelegate.swift in Sources */ = {isa = PBXBuildFile; fileRef = EA3CC36A1B6481C900551D3F /* AppDelegate.swift */; };
		EA3CC36D1B6481C900551D3F /* ViewController.swift in Sources */ = {isa = PBXBuildFile; fileRef = EA3CC36C1B6481C900551D3F /* ViewController.swift */; };
		EA3CC3701B6481C900551D3F /* Main.storyboard in Resources */ = {isa = PBXBuildFile; fileRef = EA3CC36E1B6481C900551D3F /* Main.storyboard */; };
		EA3CC3721B6481C900551D3F /* Images.xcassets in Resources */ = {isa = PBXBuildFile; fileRef = EA3CC3711B6481C900551D3F /* Images.xcassets */; };
		EA3CC3751B6481C900551D3F /* LaunchScreen.xib in Resources */ = {isa = PBXBuildFile; fileRef = EA3CC3731B6481C900551D3F /* LaunchScreen.xib */; };
		EA3CC3811B6481C900551D3F /* esaAPI01Tests.swift in Sources */ = {isa = PBXBuildFile; fileRef = EA3CC3801B6481C900551D3F /* esaAPI01Tests.swift */; };
/* End PBXBuildFile section */

/* Begin PBXContainerItemProxy section */
		EA3CC37B1B6481C900551D3F /* PBXContainerItemProxy */ = {
			isa = PBXContainerItemProxy;
			containerPortal = EA3CC35D1B6481C900551D3F /* Project object */;
			proxyType = 1;
			remoteGlobalIDString = EA3CC3641B6481C900551D3F;
			remoteInfo = esaAPI01;
		};
/* End PBXContainerItemProxy section */

/* Begin PBXFileReference section */
		EA3CC3651B6481C900551D3F /* esaAPI01.app */ = {isa = PBXFileReference; explicitFileType = wrapper.application; includeInIndex = 0; path = esaAPI01.app; sourceTree = BUILT_PRODUCTS_DIR; };
		EA3CC3691B6481C900551D3F /* Info.plist */ = {isa = PBXFileReference; lastKnownFileType = text.plist.xml; path = Info.plist; sourceTree = "<group>"; };
		EA3CC36A1B6481C900551D3F /* AppDelegate.swift */ = {isa = PBXFileReference; lastKnownFileType = sourcecode.swift; path = AppDelegate.swift; sourceTree = "<group>"; };
		EA3CC36C1B6481C900551D3F /* ViewController.swift */ = {isa = PBXFileReference; lastKnownFileType = sourcecode.swift; path = ViewController.swift; sourceTree = "<group>"; };
		EA3CC36F1B6481C900551D3F /* Base */ = {isa = PBXFileReference; lastKnownFileType = file.storyboard; name = Base; path = Base.lproj/Main.storyboard; sourceTree = "<group>"; };
		EA3CC3711B6481C900551D3F /* Images.xcassets */ = {isa = PBXFileReference; lastKnownFileType = folder.assetcatalog; path = Images.xcassets; sourceTree = "<group>"; };
		EA3CC3741B6481C900551D3F /* Base */ = {isa = PBXFileReference; lastKnownFileType = file.xib; name = Base; path = Base.lproj/LaunchScreen.xib; sourceTree = "<group>"; };
		EA3CC37A1B6481C900551D3F /* esaAPI01Tests.xctest */ = {isa = PBXFileReference; explicitFileType = wrapper.cfbundle; includeInIndex = 0; path = esaAPI01Tests.xctest; sourceTree = BUILT_PRODUCTS_DIR; };
		EA3CC37F1B6481C900551D3F /* Info.plist */ = {isa = PBXFileReference; lastKnownFileType = text.plist.xml; path = Info.plist; sourceTree = "<group>"; };
		EA3CC3801B6481C900551D3F /* esaAPI01Tests.swift */ = {isa = PBXFileReference; lastKnownFileType = sourcecode.swift; path = esaAPI01Tests.swift; sourceTree = "<group>"; };
/* End PBXFileReference section */

/* Begin PBXFrameworksBuildPhase section */
		EA3CC3621B6481C900551D3F /* Frameworks */ = {
			isa = PBXFrameworksBuildPhase;
			buildActionMask = 2147483647;
			files = (
			);
			runOnlyForDeploymentPostprocessing = 0;
		};
		EA3CC3771B6481C900551D3F /* Frameworks */ = {
			isa = PBXFrameworksBuildPhase;
			buildActionMask = 2147483647;
			files = (
			);
			runOnlyForDeploymentPostprocessing = 0;
		};
/* End PBXFrameworksBuildPhase section */

/* Begin PBXGroup section */
		EA3CC35C1B6481C900551D3F = {
			isa = PBXGroup;
			children = (
				EA3CC3671B6481C900551D3F /* esaAPI01 */,
				EA3CC37D1B6481C900551D3F /* esaAPI01Tests */,
				EA3CC3661B6481C900551D3F /* Products */,
			);
			sourceTree = "<group>";
		};
		EA3CC3661B6481C900551D3F /* Products */ = {
			isa = PBXGroup;
			children = (
				EA3CC3651B6481C900551D3F /* esaAPI01.app */,
				EA3CC37A1B6481C900551D3F /* esaAPI01Tests.xctest */,
			);
			name = Products;
			sourceTree = "<group>";
		};
		EA3CC3671B6481C900551D3F /* esaAPI01 */ = {
			isa = PBXGroup;
			children = (
				EA3CC36A1B6481C900551D3F /* AppDelegate.swift */,
				EA3CC36C1B6481C900551D3F /* ViewController.swift */,
				EA3CC36E1B6481C900551D3F /* Main.storyboard */,
				EA3CC3711B6481C900551D3F /* Images.xcassets */,
				EA3CC3731B6481C900551D3F /* LaunchScreen.xib */,
				EA3CC3681B6481C900551D3F /* Supporting Files */,
			);
			path = esaAPI01;
			sourceTree = "<group>";
		};
		EA3CC3681B6481C900551D3F /* Supporting Files */ = {
			isa = PBXGroup;
			children = (
				EA3CC3691B6481C900551D3F /* Info.plist */,
			);
			name = "Supporting Files";
			sourceTree = "<group>";
		};
		EA3CC37D1B6481C900551D3F /* esaAPI01Tests */ = {
			isa = PBXGroup;
			children = (
				EA3CC3801B6481C900551D3F /* esaAPI01Tests.swift */,
				EA3CC37E1B6481C900551D3F /* Supporting Files */,
			);
			path = esaAPI01Tests;
			sourceTree = "<group>";
		};
		EA3CC37E1B6481C900551D3F /* Supporting Files */ = {
			isa = PBXGroup;
			children = (
				EA3CC37F1B6481C900551D3F /* Info.plist */,
			);
			name = "Supporting Files";
			sourceTree = "<group>";
		};
/* End PBXGroup section */

/* Begin PBXNativeTarget section */
		EA3CC3641B6481C900551D3F /* esaAPI01 */ = {
			isa = PBXNativeTarget;
			buildConfigurationList = EA3CC3841B6481C900551D3F /* Build configuration list for PBXNativeTarget "esaAPI01" */;
			buildPhases = (
				EA3CC3611B6481C900551D3F /* Sources */,
				EA3CC3621B6481C900551D3F /* Frameworks */,
				EA3CC3631B6481C900551D3F /* Resources */,
			);
			buildRules = (
			);
			dependencies = (
			);
			name = esaAPI01;
			productName = esaAPI01;
			productReference = EA3CC3651B6481C900551D3F /* esaAPI01.app */;
			productType = "com.apple.product-type.application";
		};
		EA3CC3791B6481C900551D3F /* esaAPI01Tests */ = {
			isa = PBXNativeTarget;
			buildConfigurationList = EA3CC3871B6481C900551D3F /* Build configuration list for PBXNativeTarget "esaAPI01Tests" */;
			buildPhases = (
				EA3CC3761B6481C900551D3F /* Sources */,
				EA3CC3771B6481C900551D3F /* Frameworks */,
				EA3CC3781B6481C900551D3F /* Resources */,
			);
			buildRules = (
			);
			dependencies = (
				EA3CC37C1B6481C900551D3F /* PBXTargetDependency */,
			);
			name = esaAPI01Tests;
			productName = esaAPI01Tests;
			productReference = EA3CC37A1B6481C900551D3F /* esaAPI01Tests.xctest */;
			productType = "com.apple.product-type.bundle.unit-test";
		};
/* End PBXNativeTarget section */

/* Begin PBXProject section */
		EA3CC35D1B6481C900551D3F /* Project object */ = {
			isa = PBXProject;
			attributes = {
				LastUpgradeCheck = 0640;
				ORGANIZATIONNAME = "佐野正和";
				TargetAttributes = {
					EA3CC3641B6481C900551D3F = {
						CreatedOnToolsVersion = 6.4;
					};
					EA3CC3791B6481C900551D3F = {
						CreatedOnToolsVersion = 6.4;
						TestTargetID = EA3CC3641B6481C900551D3F;
					};
				};
			};
			buildConfigurationList = EA3CC3601B6481C900551D3F /* Build configuration list for PBXProject "esaAPI01" */;
			compatibilityVersion = "Xcode 3.2";
			developmentRegion = English;
			hasScannedForEncodings = 0;
			knownRegions = (
				en,
				Base,
			);
			mainGroup = EA3CC35C1B6481C900551D3F;
			productRefGroup = EA3CC3661B6481C900551D3F /* Products */;
			projectDirPath = "";
			projectRoot = "";
			targets = (
				EA3CC3641B6481C900551D3F /* esaAPI01 */,
				EA3CC3791B6481C900551D3F /* esaAPI01Tests */,
			);
		};
/* End PBXProject section */

/* Begin PBXResourcesBuildPhase section */
		EA3CC3631B6481C900551D3F /* Resources */ = {
			isa = PBXResourcesBuildPhase;
			buildActionMask = 2147483647;
			files = (
				EA3CC3701B6481C900551D3F /* Main.storyboard in Resources */,
				EA3CC3751B6481C900551D3F /* LaunchScreen.xib in Resources */,
				EA3CC3721B6481C900551D3F /* Images.xcassets in Resources */,
			);
			runOnlyForDeploymentPostprocessing = 0;
		};
		EA3CC3781B6481C900551D3F /* Resources */ = {
			isa = PBXResourcesBuildPhase;
			buildActionMask = 2147483647;
			files = (
			);
			runOnlyForDeploymentPostprocessing = 0;
		};
/* End PBXResourcesBuildPhase section */

/* Begin PBXSourcesBuildPhase section */
		EA3CC3611B6481C900551D3F /* Sources */ = {
			isa = PBXSourcesBuildPhase;
			buildActionMask = 2147483647;
			files = (
				EA3CC36D1B6481C900551D3F /* ViewController.swift in Sources */,
				EA3CC36B1B6481C900551D3F /* AppDelegate.swift in Sources */,
			);
			runOnlyForDeploymentPostprocessing = 0;
		};
		EA3CC3761B6481C900551D3F /* Sources */ = {
			isa = PBXSourcesBuildPhase;
			buildActionMask = 2147483647;
			files = (
				EA3CC3811B6481C900551D3F /* esaAPI01Tests.swift in Sources */,
			);
			runOnlyForDeploymentPostprocessing = 0;
		};
/* End PBXSourcesBuildPhase section */

/* Begin PBXTargetDependency section */
		EA3CC37C1B6481C900551D3F /* PBXTargetDependency */ = {
			isa = PBXTargetDependency;
			target = EA3CC3641B6481C900551D3F /* esaAPI01 */;
			targetProxy = EA3CC37B1B6481C900551D3F /* PBXContainerItemProxy */;
		};
/* End PBXTargetDependency section */

/* Begin PBXVariantGroup section */
		EA3CC36E1B6481C900551D3F /* Main.storyboard */ = {
			isa = PBXVariantGroup;
			children = (
				EA3CC36F1B6481C900551D3F /* Base */,
			);
			name = Main.storyboard;
			sourceTree = "<group>";
		};
		EA3CC3731B6481C900551D3F /* LaunchScreen.xib */ = {
			isa = PBXVariantGroup;
			children = (
				EA3CC3741B6481C900551D3F /* Base */,
			);
			name = LaunchScreen.xib;
			sourceTree = "<group>";
		};
/* End PBXVariantGroup section */

/* Begin XCBuildConfiguration section */
		EA3CC3821B6481C900551D3F /* Debug */ = {
			isa = XCBuildConfiguration;
			buildSettings = {
				ALWAYS_SEARCH_USER_PATHS = NO;
				CLANG_CXX_LANGUAGE_STANDARD = "gnu++0x";
				CLANG_CXX_LIBRARY = "libc++";
				CLANG_ENABLE_MODULES = YES;
				CLANG_ENABLE_OBJC_ARC = YES;
				CLANG_WARN_BOOL_CONVERSION = YES;
				CLANG_WARN_CONSTANT_CONVERSION = YES;
				CLANG_WARN_DIRECT_OBJC_ISA_USAGE = YES_ERROR;
				CLANG_WARN_EMPTY_BODY = YES;
				CLANG_WARN_ENUM_CONVERSION = YES;
				CLANG_WARN_INT_CONVERSION = YES;
				CLANG_WARN_OBJC_ROOT_CLASS = YES_ERROR;
				CLANG_WARN_UNREACHABLE_CODE = YES;
				CLANG_WARN__DUPLICATE_METHOD_MATCH = YES;
				"CODE_SIGN_IDENTITY[sdk=iphoneos*]" = "iPhone Developer";
				COPY_PHASE_STRIP = NO;
				DEBUG_INFORMATION_FORMAT = "dwarf-with-dsym";
				ENABLE_STRICT_OBJC_MSGSEND = YES;
				GCC_C_LANGUAGE_STANDARD = gnu99;
				GCC_DYNAMIC_NO_PIC = NO;
				GCC_NO_COMMON_BLOCKS = YES;
				GCC_OPTIMIZATION_LEVEL = 0;
				GCC_PREPROCESSOR_DEFINITIONS = (
					"DEBUG=1",
					"$(inherited)",
				);
				GCC_SYMBOLS_PRIVATE_EXTERN = NO;
				GCC_WARN_64_TO_32_BIT_CONVERSION = YES;
				GCC_WARN_ABOUT_RETURN_TYPE = YES_ERROR;
				GCC_WARN_UNDECLARED_SELECTOR = YES;
				GCC_WARN_UNINITIALIZED_AUTOS = YES_AGGRESSIVE;
				GCC_WARN_UNUSED_FUNCTION = YES;
				GCC_WARN_UNUSED_VARIABLE = YES;
				IPHONEOS_DEPLOYMENT_TARGET = 8.4;
				MTL_ENABLE_DEBUG_INFO = YES;
				ONLY_ACTIVE_ARCH = YES;
				SDKROOT = iphoneos;
				SWIFT_OPTIMIZATION_LEVEL = "-Onone";
			};
			name = Debug;
		};
		EA3CC3831B6481C900551D3F /* Release */ = {
			isa = XCBuildConfiguration;
			buildSettings = {
				ALWAYS_SEARCH_USER_PATHS = NO;
				CLANG_CXX_LANGUAGE_STANDARD = "gnu++0x";
				CLANG_CXX_LIBRARY = "libc++";
				CLANG_ENABLE_MODULES = YES;
				CLANG_ENABLE_OBJC_ARC = YES;
				CLANG_WARN_BOOL_CONVERSION = YES;
				CLANG_WARN_CONSTANT_CONVERSION = YES;
				CLANG_WARN_DIRECT_OBJC_ISA_USAGE = YES_ERROR;
				CLANG_WARN_EMPTY_BODY = YES;
				CLANG_WARN_ENUM_CONVERSION = YES;
				CLANG_WARN_INT_CONVERSION = YES;
				CLANG_WARN_OBJC_ROOT_CLASS = YES_ERROR;
				CLANG_WARN_UNREACHABLE_CODE = YES;
				CLANG_WARN__DUPLICATE_METHOD_MATCH = YES;
				"CODE_SIGN_IDENTITY[sdk=iphoneos*]" = "iPhone Developer";
				COPY_PHASE_STRIP = NO;
				DEBUG_INFORMATION_FORMAT = "dwarf-with-dsym";
				ENABLE_NS_ASSERTIONS = NO;
				ENABLE_STRICT_OBJC_MSGSEND = YES;
				GCC_C_LANGUAGE_STANDARD = gnu99;
				GCC_NO_COMMON_BLOCKS = YES;
				GCC_WARN_64_TO_32_BIT_CONVERSION = YES;
				GCC_WARN_ABOUT_RETURN_TYPE = YES_ERROR;
				GCC_WARN_UNDECLARED_SELECTOR = YES;
				GCC_WARN_UNINITIALIZED_AUTOS = YES_AGGRESSIVE;
				GCC_WARN_UNUSED_FUNCTION = YES;
				GCC_WARN_UNUSED_VARIABLE = YES;
				IPHONEOS_DEPLOYMENT_TARGET = 8.4;
				MTL_ENABLE_DEBUG_INFO = NO;
				SDKROOT = iphoneos;
				VALIDATE_PRODUCT = YES;
			};
			name = Release;
		};
		EA3CC3851B6481C900551D3F /* Debug */ = {
			isa = XCBuildConfiguration;
			buildSettings = {
				ASSETCATALOG_COMPILER_APPICON_NAME = AppIcon;
				INFOPLIST_FILE = esaAPI01/Info.plist;
				LD_RUNPATH_SEARCH_PATHS = "$(inherited) @executable_path/Frameworks";
				PRODUCT_NAME = "$(TARGET_NAME)";
			};
			name = Debug;
		};
		EA3CC3861B6481C900551D3F /* Release */ = {
			isa = XCBuildConfiguration;
			buildSettings = {
				ASSETCATALOG_COMPILER_APPICON_NAME = AppIcon;
				INFOPLIST_FILE = esaAPI01/Info.plist;
				LD_RUNPATH_SEARCH_PATHS = "$(inherited) @executable_path/Frameworks";
				PRODUCT_NAME = "$(TARGET_NAME)";
			};
			name = Release;
		};
		EA3CC3881B6481C900551D3F /* Debug */ = {
			isa = XCBuildConfiguration;
			buildSettings = {
				BUNDLE_LOADER = "$(TEST_HOST)";
				FRAMEWORK_SEARCH_PATHS = (
					"$(SDKROOT)/Developer/Library/Frameworks",
					"$(inherited)",
				);
				GCC_PREPROCESSOR_DEFINITIONS = (
					"DEBUG=1",
					"$(inherited)",
				);
				INFOPLIST_FILE = esaAPI01Tests/Info.plist;
				LD_RUNPATH_SEARCH_PATHS = "$(inherited) @executable_path/Frameworks @loader_path/Frameworks";
				PRODUCT_NAME = "$(TARGET_NAME)";
				TEST_HOST = "$(BUILT_PRODUCTS_DIR)/esaAPI01.app/esaAPI01";
			};
			name = Debug;
		};
		EA3CC3891B6481C900551D3F /* Release */ = {
			isa = XCBuildConfiguration;
			buildSettings = {
				BUNDLE_LOADER = "$(TEST_HOST)";
				FRAMEWORK_SEARCH_PATHS = (
					"$(SDKROOT)/Developer/Library/Frameworks",
					"$(inherited)",
				);
				INFOPLIST_FILE = esaAPI01Tests/Info.plist;
				LD_RUNPATH_SEARCH_PATHS = "$(inherited) @executable_path/Frameworks @loader_path/Frameworks";
				PRODUCT_NAME = "$(TARGET_NAME)";
				TEST_HOST = "$(BUILT_PRODUCTS_DIR)/esaAPI01.app/esaAPI01";
			};
			name = Release;
		};
/* End XCBuildConfiguration section */

/* Begin XCConfigurationList section */
		EA3CC3601B6481C900551D3F /* Build configuration list for PBXProject "esaAPI01" */ = {
			isa = XCConfigurationList;
			buildConfigurations = (
				EA3CC3821B6481C900551D3F /* Debug */,
				EA3CC3831B6481C900551D3F /* Release */,
			);
			defaultConfigurationIsVisible = 0;
			defaultConfigurationName = Release;
		};
		EA3CC3841B6481C900551D3F /* Build configuration list for PBXNativeTarget "esaAPI01" */ = {
			isa = XCConfigurationList;
			buildConfigurations = (
				EA3CC3851B6481C900551D3F /* Debug */,
				EA3CC3861B6481C900551D3F /* Release */,
			);
			defaultConfigurationIsVisible = 0;
		};
		EA3CC3871B6481C900551D3F /* Build configuration list for PBXNativeTarget "esaAPI01Tests" */ = {
			isa = XCConfigurationList;
			buildConfigurations = (
				EA3CC3881B6481C900551D3F /* Debug */,
				EA3CC3891B6481C900551D3F /* Release */,
			);
			defaultConfigurationIsVisible = 0;
		};
/* End XCConfigurationList section */
	};
	rootObject = EA3CC35D1B6481C900551D3F /* Project object */;
}
